
Microsoft Visual Studio Solution File, Format Version 12.00
# Visual Studio Version 16
VisualStudioVersion = 16.0.33130.400
MinimumVisualStudioVersion = 10.0.40219.1
Project("{FAE04EC0-301F-11D3-BF4B-00C04F79EFBC}") = "SystemaInventario", "SystemaInventario\SystemaInventario.csproj", "{12194947-23AC-4AD1-B958-27BAF480DF02}"
EndProject
Global
	GlobalSection(SolutionConfigurationPlatforms) = preSolution
		Debug|Any CPU = Debug|Any CPU
		Release|Any CPU = Release|Any CPU
	EndGlobalSection
	GlobalSection(ProjectConfigurationPlatforms) = postSolution
		{12194947-23AC-4AD1-B958-27BAF480DF02}.Debug|Any CPU.ActiveCfg = Debug|Any CPU
		{12194947-23AC-4AD1-B958-27BAF480DF02}.Debug|Any CPU.Build.0 = Debug|Any CPU
		{12194947-23AC-4AD1-B958-27BAF480DF02}.Release|Any CPU.ActiveCfg = Release|Any CPU
		{12194947-23AC-4AD1-B958-27BAF480DF02}.Release|Any CPU.Build.0 = Release|Any CPU
	EndGlobalSection
	GlobalSection(SolutionProperties) = preSolution
		HideSolutionNode = FALSE
	EndGlobalSection
	GlobalSection(ExtensibilityGlobals) = postSolution
		SolutionGuid = {11FD0E0F-4F61-483C-B094-402A14850D0F}
	EndGlobalSection
EndGlobal
